// !$*UTF8*$!
{
	archiveVersion = 1;
	classes = {
	};
	objectVersion = 50;
	objects = {

/* Begin PBXBuildFile section */
		D10A6A0826809D30001E5F54 /* LC67 二进制求和.swift in Sources */ = {isa = PBXBuildFile; fileRef = D10A6A0726809D30001E5F54 /* LC67 二进制求和.swift */; };
		D11B18EE2661D5D700AAA324 /* LC69 x平方根 二分查找.swift in Sources */ = {isa = PBXBuildFile; fileRef = D11B18ED2661D5D700AAA324 /* LC69 x平方根 二分查找.swift */; };
		D124083926A15AA4006D06F7 /* LC2 两数相加 链表.swift in Sources */ = {isa = PBXBuildFile; fileRef = D124083826A15AA4006D06F7 /* LC2 两数相加 链表.swift */; };
		D124083D26A1944F006D06F7 /* LC3. 无重复字符的最长子串 滑动窗口.swift in Sources */ = {isa = PBXBuildFile; fileRef = D124083C26A1944F006D06F7 /* LC3. 无重复字符的最长子串 滑动窗口.swift */; };
		D132406B26A3C1CC00E210D4 /* LC5 最长回文字串 动态规划 中心扩展.swift in Sources */ = {isa = PBXBuildFile; fileRef = D132406A26A3C1CC00E210D4 /* LC5 最长回文字串 动态规划 中心扩展.swift */; };
		D132406E26A3C21E00E210D4 /* LC6 Z字形变换.swift in Sources */ = {isa = PBXBuildFile; fileRef = D132406D26A3C21E00E210D4 /* LC6 Z字形变换.swift */; };
		D1352A68263303AB00E82286 /* LC20 有效的括号 栈.swift in Sources */ = {isa = PBXBuildFile; fileRef = D1352A67263303AB00E82286 /* LC20 有效的括号 栈.swift */; };
		D13AA54F2625BD9300CAE125 /* main.swift in Sources */ = {isa = PBXBuildFile; fileRef = D13AA54E2625BD9300CAE125 /* main.swift */; };
		D13AA5572625D18E00CAE125 /* LC35 搜索插入位置 二分查找.swift in Sources */ = {isa = PBXBuildFile; fileRef = D13AA5562625D18E00CAE125 /* LC35 搜索插入位置 二分查找.swift */; };
		D141E5CC26350C42000777A4 /* LC101 对称二叉树 递归 队列.swift in Sources */ = {isa = PBXBuildFile; fileRef = D141E5CB26350C42000777A4 /* LC101 对称二叉树 递归 队列.swift */; };
		D1436B8C2632F49B00563783 /* TreeNode.swift in Sources */ = {isa = PBXBuildFile; fileRef = D1436B8B2632F49B00563783 /* TreeNode.swift */; };
		D1436B8F2632F4F200563783 /* LC100 相同的树 二叉树 递归.swift in Sources */ = {isa = PBXBuildFile; fileRef = D1436B8E2632F4F200563783 /* LC100 相同的树 二叉树 递归.swift */; };
		D14709B32631B2FA00D247B1 /* LC21. 合并两个有序链表 链表.swift in Sources */ = {isa = PBXBuildFile; fileRef = D14709B22631B2FA00D247B1 /* LC21. 合并两个有序链表 链表.swift */; };
		D1490A722678E13000CF24ED /* LC111 二叉树的最小深度.swift in Sources */ = {isa = PBXBuildFile; fileRef = D1490A712678E13000CF24ED /* LC111 二叉树的最小深度.swift */; };
		D1490A76267900B400CF24ED /* LC102 二叉树的层序遍历.swift in Sources */ = {isa = PBXBuildFile; fileRef = D1490A75267900B400CF24ED /* LC102 二叉树的层序遍历.swift */; };
		D1490A7A2679A22000CF24ED /* LC112 路径总和 二叉树.swift in Sources */ = {isa = PBXBuildFile; fileRef = D1490A792679A22000CF24ED /* LC112 路径总和 二叉树.swift */; };
		D14CCEC226612E5B00EE3BB0 /* LC58 最后单词长度 字符串.swift in Sources */ = {isa = PBXBuildFile; fileRef = D14CCEC126612E5B00EE3BB0 /* LC58 最后单词长度 字符串.swift */; };
		D14CCEC526612F4C00EE3BB0 /* LC66 加一 .swift in Sources */ = {isa = PBXBuildFile; fileRef = D14CCEC426612F4C00EE3BB0 /* LC66 加一 .swift */; };
		D14CDCB026A0707E0025CB9B /* LC118 杨辉三角.swift in Sources */ = {isa = PBXBuildFile; fileRef = D14CDCAF26A0707E0025CB9B /* LC118 杨辉三角.swift */; };
		D151F65326831014004B9C56 /* LC160 相交链表.swift in Sources */ = {isa = PBXBuildFile; fileRef = D151F65226831014004B9C56 /* LC160 相交链表.swift */; };
		D16CD73B267AE0030042D416 /* LC144 前序遍历.swift in Sources */ = {isa = PBXBuildFile; fileRef = D16CD73A267AE0030042D416 /* LC144 前序遍历.swift */; };
		D170B51A266B023500552D14 /* LC110 平衡二叉树.swift in Sources */ = {isa = PBXBuildFile; fileRef = D170B519266B023500552D14 /* LC110 平衡二叉树.swift */; };
		D172CEBD265007C900232907 /* LC104. 二叉树的最大深度 递归.swift in Sources */ = {isa = PBXBuildFile; fileRef = D172CEBC265007C900232907 /* LC104. 二叉树的最大深度 递归.swift */; };
		D17D73A7263111C6008C84EE /* ListNode.swift in Sources */ = {isa = PBXBuildFile; fileRef = D17D73A6263111C6008C84EE /* ListNode.swift */; };
		D1859CF526A073F300D08A94 /* LC167 两数之和II 双指针.swift in Sources */ = {isa = PBXBuildFile; fileRef = D1859CF426A073F300D08A94 /* LC167 两数之和II 双指针.swift */; };
		D19779D4266322A5004CBEDE /* LC94 二叉树中序遍历.swift in Sources */ = {isa = PBXBuildFile; fileRef = D19779D3266322A5004CBEDE /* LC94 二叉树中序遍历.swift */; };
		D19779D826636974004CBEDE /* LC108 有序数组转换为平衡二叉树.swift in Sources */ = {isa = PBXBuildFile; fileRef = D19779D726636974004CBEDE /* LC108 有序数组转换为平衡二叉树.swift */; };
		D1AE2F472626BFC300635251 /* LC53 最大子序和 动态规划.swift in Sources */ = {isa = PBXBuildFile; fileRef = D1AE2F462626BFC300635251 /* LC53 最大子序和 动态规划.swift */; };
/* End PBXBuildFile section */

/* Begin PBXCopyFilesBuildPhase section */
		D13AA5492625BD9300CAE125 /* CopyFiles */ = {
			isa = PBXCopyFilesBuildPhase;
			buildActionMask = 2147483647;
			dstPath = /usr/share/man/man1/;
			dstSubfolderSpec = 0;
			files = (
			);
			runOnlyForDeploymentPostprocessing = 1;
		};
/* End PBXCopyFilesBuildPhase section */

/* Begin PBXFileReference section */
		D10A6A0726809D30001E5F54 /* LC67 二进制求和.swift */ = {isa = PBXFileReference; lastKnownFileType = sourcecode.swift; path = "LC67 二进制求和.swift"; sourceTree = "<group>"; };
		D11B18ED2661D5D700AAA324 /* LC69 x平方根 二分查找.swift */ = {isa = PBXFileReference; lastKnownFileType = sourcecode.swift; path = "LC69 x平方根 二分查找.swift"; sourceTree = "<group>"; };
		D124083826A15AA4006D06F7 /* LC2 两数相加 链表.swift */ = {isa = PBXFileReference; lastKnownFileType = sourcecode.swift; path = "LC2 两数相加 链表.swift"; sourceTree = "<group>"; };
		D124083C26A1944F006D06F7 /* LC3. 无重复字符的最长子串 滑动窗口.swift */ = {isa = PBXFileReference; lastKnownFileType = sourcecode.swift; path = "LC3. 无重复字符的最长子串 滑动窗口.swift"; sourceTree = "<group>"; };
		D132406A26A3C1CC00E210D4 /* LC5 最长回文字串 动态规划 中心扩展.swift */ = {isa = PBXFileReference; lastKnownFileType = sourcecode.swift; path = "LC5 最长回文字串 动态规划 中心扩展.swift"; sourceTree = "<group>"; };
		D132406D26A3C21E00E210D4 /* LC6 Z字形变换.swift */ = {isa = PBXFileReference; lastKnownFileType = sourcecode.swift; path = "LC6 Z字形变换.swift"; sourceTree = "<group>"; };
		D1352A67263303AB00E82286 /* LC20 有效的括号 栈.swift */ = {isa = PBXFileReference; lastKnownFileType = sourcecode.swift; path = "LC20 有效的括号 栈.swift"; sourceTree = "<group>"; };
		D13AA54B2625BD9300CAE125 /* LeetCodeSolution */ = {isa = PBXFileReference; explicitFileType = "compiled.mach-o.executable"; includeInIndex = 0; path = LeetCodeSolution; sourceTree = BUILT_PRODUCTS_DIR; };
		D13AA54E2625BD9300CAE125 /* main.swift */ = {isa = PBXFileReference; lastKnownFileType = sourcecode.swift; path = main.swift; sourceTree = "<group>"; };
		D13AA5562625D18E00CAE125 /* LC35 搜索插入位置 二分查找.swift */ = {isa = PBXFileReference; lastKnownFileType = sourcecode.swift; path = "LC35 搜索插入位置 二分查找.swift"; sourceTree = "<group>"; };
		D141E5CB26350C42000777A4 /* LC101 对称二叉树 递归 队列.swift */ = {isa = PBXFileReference; lastKnownFileType = sourcecode.swift; path = "LC101 对称二叉树 递归 队列.swift"; sourceTree = "<group>"; };
		D1436B8B2632F49B00563783 /* TreeNode.swift */ = {isa = PBXFileReference; lastKnownFileType = sourcecode.swift; path = TreeNode.swift; sourceTree = "<group>"; };
		D1436B8E2632F4F200563783 /* LC100 相同的树 二叉树 递归.swift */ = {isa = PBXFileReference; lastKnownFileType = sourcecode.swift; path = "LC100 相同的树 二叉树 递归.swift"; sourceTree = "<group>"; };
		D14709B22631B2FA00D247B1 /* LC21. 合并两个有序链表 链表.swift */ = {isa = PBXFileReference; lastKnownFileType = sourcecode.swift; path = "LC21. 合并两个有序链表 链表.swift"; sourceTree = "<group>"; };
		D1490A712678E13000CF24ED /* LC111 二叉树的最小深度.swift */ = {isa = PBXFileReference; lastKnownFileType = sourcecode.swift; path = "LC111 二叉树的最小深度.swift"; sourceTree = "<group>"; };
		D1490A75267900B400CF24ED /* LC102 二叉树的层序遍历.swift */ = {isa = PBXFileReference; lastKnownFileType = sourcecode.swift; path = "LC102 二叉树的层序遍历.swift"; sourceTree = "<group>"; };
		D1490A792679A22000CF24ED /* LC112 路径总和 二叉树.swift */ = {isa = PBXFileReference; lastKnownFileType = sourcecode.swift; path = "LC112 路径总和 二叉树.swift"; sourceTree = "<group>"; };
		D14CCEC126612E5B00EE3BB0 /* LC58 最后单词长度 字符串.swift */ = {isa = PBXFileReference; lastKnownFileType = sourcecode.swift; path = "LC58 最后单词长度 字符串.swift"; sourceTree = "<group>"; };
		D14CCEC426612F4C00EE3BB0 /* LC66 加一 .swift */ = {isa = PBXFileReference; lastKnownFileType = sourcecode.swift; path = "LC66 加一 .swift"; sourceTree = "<group>"; };
		D14CDCAF26A0707E0025CB9B /* LC118 杨辉三角.swift */ = {isa = PBXFileReference; lastKnownFileType = sourcecode.swift; path = "LC118 杨辉三角.swift"; sourceTree = "<group>"; };
		D151F65226831014004B9C56 /* LC160 相交链表.swift */ = {isa = PBXFileReference; lastKnownFileType = sourcecode.swift; path = "LC160 相交链表.swift"; sourceTree = "<group>"; };
		D16CD73A267AE0030042D416 /* LC144 前序遍历.swift */ = {isa = PBXFileReference; lastKnownFileType = sourcecode.swift; path = "LC144 前序遍历.swift"; sourceTree = "<group>"; };
		D170B519266B023500552D14 /* LC110 平衡二叉树.swift */ = {isa = PBXFileReference; lastKnownFileType = sourcecode.swift; path = "LC110 平衡二叉树.swift"; sourceTree = "<group>"; };
		D172CEBC265007C900232907 /* LC104. 二叉树的最大深度 递归.swift */ = {isa = PBXFileReference; lastKnownFileType = sourcecode.swift; path = "LC104. 二叉树的最大深度 递归.swift"; sourceTree = "<group>"; };
		D17D73A6263111C6008C84EE /* ListNode.swift */ = {isa = PBXFileReference; lastKnownFileType = sourcecode.swift; path = ListNode.swift; sourceTree = "<group>"; };
		D1859CF426A073F300D08A94 /* LC167 两数之和II 双指针.swift */ = {isa = PBXFileReference; lastKnownFileType = sourcecode.swift; path = "LC167 两数之和II 双指针.swift"; sourceTree = "<group>"; };
		D19779D3266322A5004CBEDE /* LC94 二叉树中序遍历.swift */ = {isa = PBXFileReference; lastKnownFileType = sourcecode.swift; path = "LC94 二叉树中序遍历.swift"; sourceTree = "<group>"; };
		D19779D726636974004CBEDE /* LC108 有序数组转换为平衡二叉树.swift */ = {isa = PBXFileReference; lastKnownFileType = sourcecode.swift; path = "LC108 有序数组转换为平衡二叉树.swift"; sourceTree = "<group>"; };
		D1AE2F462626BFC300635251 /* LC53 最大子序和 动态规划.swift */ = {isa = PBXFileReference; lastKnownFileType = sourcecode.swift; path = "LC53 最大子序和 动态规划.swift"; sourceTree = "<group>"; };
/* End PBXFileReference section */

/* Begin PBXFrameworksBuildPhase section */
		D13AA5482625BD9300CAE125 /* Frameworks */ = {
			isa = PBXFrameworksBuildPhase;
			buildActionMask = 2147483647;
			files = (
			);
			runOnlyForDeploymentPostprocessing = 0;
		};
/* End PBXFrameworksBuildPhase section */

/* Begin PBXGroup section */
		D13AA5422625BD9300CAE125 = {
			isa = PBXGroup;
			children = (
				D13AA54D2625BD9300CAE125 /* LeetCodeSolution */,
				D13AA54C2625BD9300CAE125 /* Products */,
			);
			sourceTree = "<group>";
		};
		D13AA54C2625BD9300CAE125 /* Products */ = {
			isa = PBXGroup;
			children = (
				D13AA54B2625BD9300CAE125 /* LeetCodeSolution */,
			);
			name = Products;
			sourceTree = "<group>";
		};
		D13AA54D2625BD9300CAE125 /* LeetCodeSolution */ = {
			isa = PBXGroup;
			children = (
				D124083826A15AA4006D06F7 /* LC2 两数相加 链表.swift */,
				D124083C26A1944F006D06F7 /* LC3. 无重复字符的最长子串 滑动窗口.swift */,
				D132406A26A3C1CC00E210D4 /* LC5 最长回文字串 动态规划 中心扩展.swift */,
				D132406D26A3C21E00E210D4 /* LC6 Z字形变换.swift */,
				D1352A67263303AB00E82286 /* LC20 有效的括号 栈.swift */,
				D14709B22631B2FA00D247B1 /* LC21. 合并两个有序链表 链表.swift */,
				D13AA5562625D18E00CAE125 /* LC35 搜索插入位置 二分查找.swift */,
				D1AE2F462626BFC300635251 /* LC53 最大子序和 动态规划.swift */,
				D14CCEC126612E5B00EE3BB0 /* LC58 最后单词长度 字符串.swift */,
				D14CCEC426612F4C00EE3BB0 /* LC66 加一 .swift */,
				D10A6A0726809D30001E5F54 /* LC67 二进制求和.swift */,
				D11B18ED2661D5D700AAA324 /* LC69 x平方根 二分查找.swift */,
				D19779D3266322A5004CBEDE /* LC94 二叉树中序遍历.swift */,
				D1436B8E2632F4F200563783 /* LC100 相同的树 二叉树 递归.swift */,
				D141E5CB26350C42000777A4 /* LC101 对称二叉树 递归 队列.swift */,
				D1490A75267900B400CF24ED /* LC102 二叉树的层序遍历.swift */,
				D172CEBC265007C900232907 /* LC104. 二叉树的最大深度 递归.swift */,
				D19779D726636974004CBEDE /* LC108 有序数组转换为平衡二叉树.swift */,
				D170B519266B023500552D14 /* LC110 平衡二叉树.swift */,
				D1490A712678E13000CF24ED /* LC111 二叉树的最小深度.swift */,
				D1490A792679A22000CF24ED /* LC112 路径总和 二叉树.swift */,
				D14CDCAF26A0707E0025CB9B /* LC118 杨辉三角.swift */,
				D16CD73A267AE0030042D416 /* LC144 前序遍历.swift */,
				D151F65226831014004B9C56 /* LC160 相交链表.swift */,
				D1859CF426A073F300D08A94 /* LC167 两数之和II 双指针.swift */,
				D17D73A6263111C6008C84EE /* ListNode.swift */,
				D13AA54E2625BD9300CAE125 /* main.swift */,
				D1436B8B2632F49B00563783 /* TreeNode.swift */,
			);
			path = LeetCodeSolution;
			sourceTree = "<group>";
		};
/* End PBXGroup section */

/* Begin PBXNativeTarget section */
		D13AA54A2625BD9300CAE125 /* LeetCodeSolution */ = {
			isa = PBXNativeTarget;
			buildConfigurationList = D13AA5522625BD9300CAE125 /* Build configuration list for PBXNativeTarget "LeetCodeSolution" */;
			buildPhases = (
				D13AA5472625BD9300CAE125 /* Sources */,
				D13AA5482625BD9300CAE125 /* Frameworks */,
				D13AA5492625BD9300CAE125 /* CopyFiles */,
			);
			buildRules = (
			);
			dependencies = (
			);
			name = LeetCodeSolution;
			productName = LeetCodeSolution;
			productReference = D13AA54B2625BD9300CAE125 /* LeetCodeSolution */;
			productType = "com.apple.product-type.tool";
		};
/* End PBXNativeTarget section */

/* Begin PBXProject section */
		D13AA5432625BD9300CAE125 /* Project object */ = {
			isa = PBXProject;
			attributes = {
				LastSwiftUpdateCheck = 1240;
				LastUpgradeCheck = 1240;
				TargetAttributes = {
					D13AA54A2625BD9300CAE125 = {
						CreatedOnToolsVersion = 12.4;
					};
				};
			};
			buildConfigurationList = D13AA5462625BD9300CAE125 /* Build configuration list for PBXProject "LeetCodeSolution" */;
			compatibilityVersion = "Xcode 9.3";
			developmentRegion = en;
			hasScannedForEncodings = 0;
			knownRegions = (
				en,
				Base,
			);
			mainGroup = D13AA5422625BD9300CAE125;
			productRefGroup = D13AA54C2625BD9300CAE125 /* Products */;
			projectDirPath = "";
			projectRoot = "";
			targets = (
				D13AA54A2625BD9300CAE125 /* LeetCodeSolution */,
			);
		};
/* End PBXProject section */

/* Begin PBXSourcesBuildPhase section */
		D13AA5472625BD9300CAE125 /* Sources */ = {
			isa = PBXSourcesBuildPhase;
			buildActionMask = 2147483647;
			files = (
				D1490A722678E13000CF24ED /* LC111 二叉树的最小深度.swift in Sources */,
				D1436B8F2632F4F200563783 /* LC100 相同的树 二叉树 递归.swift in Sources */,
				D16CD73B267AE0030042D416 /* LC144 前序遍历.swift in Sources */,
				D11B18EE2661D5D700AAA324 /* LC69 x平方根 二分查找.swift in Sources */,
				D10A6A0826809D30001E5F54 /* LC67 二进制求和.swift in Sources */,
				D14709B32631B2FA00D247B1 /* LC21. 合并两个有序链表 链表.swift in Sources */,
				D132406B26A3C1CC00E210D4 /* LC5 最长回文字串 动态规划 中心扩展.swift in Sources */,
				D124083926A15AA4006D06F7 /* LC2 两数相加 链表.swift in Sources */,
				D132406E26A3C21E00E210D4 /* LC6 Z字形变换.swift in Sources */,
				D13AA54F2625BD9300CAE125 /* main.swift in Sources */,
				D19779D826636974004CBEDE /* LC108 有序数组转换为平衡二叉树.swift in Sources */,
				D19779D4266322A5004CBEDE /* LC94 二叉树中序遍历.swift in Sources */,
				D1AE2F472626BFC300635251 /* LC53 最大子序和 动态规划.swift in Sources */,
				D1490A7A2679A22000CF24ED /* LC112 路径总和 二叉树.swift in Sources */,
				D170B51A266B023500552D14 /* LC110 平衡二叉树.swift in Sources */,
				D13AA5572625D18E00CAE125 /* LC35 搜索插入位置 二分查找.swift in Sources */,
				D14CDCB026A0707E0025CB9B /* LC118 杨辉三角.swift in Sources */,
				D1859CF526A073F300D08A94 /* LC167 两数之和II 双指针.swift in Sources */,
				D124083D26A1944F006D06F7 /* LC3. 无重复字符的最长子串 滑动窗口.swift in Sources */,
				D17D73A7263111C6008C84EE /* ListNode.swift in Sources */,
				D141E5CC26350C42000777A4 /* LC101 对称二叉树 递归 队列.swift in Sources */,
				D14CCEC226612E5B00EE3BB0 /* LC58 最后单词长度 字符串.swift in Sources */,
				D14CCEC526612F4C00EE3BB0 /* LC66 加一 .swift in Sources */,
				D1352A68263303AB00E82286 /* LC20 有效的括号 栈.swift in Sources */,
				D172CEBD265007C900232907 /* LC104. 二叉树的最大深度 递归.swift in Sources */,
				D151F65326831014004B9C56 /* LC160 相交链表.swift in Sources */,
				D1436B8C2632F49B00563783 /* TreeNode.swift in Sources */,
				D1490A76267900B400CF24ED /* LC102 二叉树的层序遍历.swift in Sources */,
			);
			runOnlyForDeploymentPostprocessing = 0;
		};
/* End PBXSourcesBuildPhase section */

/* Begin XCBuildConfiguration section */
		D13AA5502625BD9300CAE125 /* Debug */ = {
			isa = XCBuildConfiguration;
			buildSettings = {
				ALWAYS_SEARCH_USER_PATHS = NO;
				CLANG_ANALYZER_NONNULL = YES;
				CLANG_ANALYZER_NUMBER_OBJECT_CONVERSION = YES_AGGRESSIVE;
				CLANG_CXX_LANGUAGE_STANDARD = "gnu++14";
				CLANG_CXX_LIBRARY = "libc++";
				CLANG_ENABLE_MODULES = YES;
				CLANG_ENABLE_OBJC_ARC = YES;
				CLANG_ENABLE_OBJC_WEAK = YES;
				CLANG_WARN_BLOCK_CAPTURE_AUTORELEASING = YES;
				CLANG_WARN_BOOL_CONVERSION = YES;
				CLANG_WARN_COMMA = YES;
				CLANG_WARN_CONSTANT_CONVERSION = YES;
				CLANG_WARN_DEPRECATED_OBJC_IMPLEMENTATIONS = YES;
				CLANG_WARN_DIRECT_OBJC_ISA_USAGE = YES_ERROR;
				CLANG_WARN_DOCUMENTATION_COMMENTS = YES;
				CLANG_WARN_EMPTY_BODY = YES;
				CLANG_WARN_ENUM_CONVERSION = YES;
				CLANG_WARN_INFINITE_RECURSION = YES;
				CLANG_WARN_INT_CONVERSION = YES;
				CLANG_WARN_NON_LITERAL_NULL_CONVERSION = YES;
				CLANG_WARN_OBJC_IMPLICIT_RETAIN_SELF = YES;
				CLANG_WARN_OBJC_LITERAL_CONVERSION = YES;
				CLANG_WARN_OBJC_ROOT_CLASS = YES_ERROR;
				CLANG_WARN_QUOTED_INCLUDE_IN_FRAMEWORK_HEADER = YES;
				CLANG_WARN_RANGE_LOOP_ANALYSIS = YES;
				CLANG_WARN_STRICT_PROTOTYPES = YES;
				CLANG_WARN_SUSPICIOUS_MOVE = YES;
				CLANG_WARN_UNGUARDED_AVAILABILITY = YES_AGGRESSIVE;
				CLANG_WARN_UNREACHABLE_CODE = YES;
				CLANG_WARN__DUPLICATE_METHOD_MATCH = YES;
				COPY_PHASE_STRIP = NO;
				DEBUG_INFORMATION_FORMAT = dwarf;
				ENABLE_STRICT_OBJC_MSGSEND = YES;
				ENABLE_TESTABILITY = YES;
				GCC_C_LANGUAGE_STANDARD = gnu11;
				GCC_DYNAMIC_NO_PIC = NO;
				GCC_NO_COMMON_BLOCKS = YES;
				GCC_OPTIMIZATION_LEVEL = 0;
				GCC_PREPROCESSOR_DEFINITIONS = (
					"DEBUG=1",
					"$(inherited)",
				);
				GCC_WARN_64_TO_32_BIT_CONVERSION = YES;
				GCC_WARN_ABOUT_RETURN_TYPE = YES_ERROR;
				GCC_WARN_UNDECLARED_SELECTOR = YES;
				GCC_WARN_UNINITIALIZED_AUTOS = YES_AGGRESSIVE;
				GCC_WARN_UNUSED_FUNCTION = YES;
				GCC_WARN_UNUSED_VARIABLE = YES;
				MACOSX_DEPLOYMENT_TARGET = 11.1;
				MTL_ENABLE_DEBUG_INFO = INCLUDE_SOURCE;
				MTL_FAST_MATH = YES;
				ONLY_ACTIVE_ARCH = YES;
				SDKROOT = macosx;
				SWIFT_ACTIVE_COMPILATION_CONDITIONS = DEBUG;
				SWIFT_OPTIMIZATION_LEVEL = "-Onone";
			};
			name = Debug;
		};
		D13AA5512625BD9300CAE125 /* Release */ = {
			isa = XCBuildConfiguration;
			buildSettings = {
				ALWAYS_SEARCH_USER_PATHS = NO;
				CLANG_ANALYZER_NONNULL = YES;
				CLANG_ANALYZER_NUMBER_OBJECT_CONVERSION = YES_AGGRESSIVE;
				CLANG_CXX_LANGUAGE_STANDARD = "gnu++14";
				CLANG_CXX_LIBRARY = "libc++";
				CLANG_ENABLE_MODULES = YES;
				CLANG_ENABLE_OBJC_ARC = YES;
				CLANG_ENABLE_OBJC_WEAK = YES;
				CLANG_WARN_BLOCK_CAPTURE_AUTORELEASING = YES;
				CLANG_WARN_BOOL_CONVERSION = YES;
				CLANG_WARN_COMMA = YES;
				CLANG_WARN_CONSTANT_CONVERSION = YES;
				CLANG_WARN_DEPRECATED_OBJC_IMPLEMENTATIONS = YES;
				CLANG_WARN_DIRECT_OBJC_ISA_USAGE = YES_ERROR;
				CLANG_WARN_DOCUMENTATION_COMMENTS = YES;
				CLANG_WARN_EMPTY_BODY = YES;
				CLANG_WARN_ENUM_CONVERSION = YES;
				CLANG_WARN_INFINITE_RECURSION = YES;
				CLANG_WARN_INT_CONVERSION = YES;
				CLANG_WARN_NON_LITERAL_NULL_CONVERSION = YES;
				CLANG_WARN_OBJC_IMPLICIT_RETAIN_SELF = YES;
				CLANG_WARN_OBJC_LITERAL_CONVERSION = YES;
				CLANG_WARN_OBJC_ROOT_CLASS = YES_ERROR;
				CLANG_WARN_QUOTED_INCLUDE_IN_FRAMEWORK_HEADER = YES;
				CLANG_WARN_RANGE_LOOP_ANALYSIS = YES;
				CLANG_WARN_STRICT_PROTOTYPES = YES;
				CLANG_WARN_SUSPICIOUS_MOVE = YES;
				CLANG_WARN_UNGUARDED_AVAILABILITY = YES_AGGRESSIVE;
				CLANG_WARN_UNREACHABLE_CODE = YES;
				CLANG_WARN__DUPLICATE_METHOD_MATCH = YES;
				COPY_PHASE_STRIP = NO;
				DEBUG_INFORMATION_FORMAT = "dwarf-with-dsym";
				ENABLE_NS_ASSERTIONS = NO;
				ENABLE_STRICT_OBJC_MSGSEND = YES;
				GCC_C_LANGUAGE_STANDARD = gnu11;
				GCC_NO_COMMON_BLOCKS = YES;
				GCC_WARN_64_TO_32_BIT_CONVERSION = YES;
				GCC_WARN_ABOUT_RETURN_TYPE = YES_ERROR;
				GCC_WARN_UNDECLARED_SELECTOR = YES;
				GCC_WARN_UNINITIALIZED_AUTOS = YES_AGGRESSIVE;
				GCC_WARN_UNUSED_FUNCTION = YES;
				GCC_WARN_UNUSED_VARIABLE = YES;
				MACOSX_DEPLOYMENT_TARGET = 11.1;
				MTL_ENABLE_DEBUG_INFO = NO;
				MTL_FAST_MATH = YES;
				SDKROOT = macosx;
				SWIFT_COMPILATION_MODE = wholemodule;
				SWIFT_OPTIMIZATION_LEVEL = "-O";
			};
			name = Release;
		};
		D13AA5532625BD9300CAE125 /* Debug */ = {
			isa = XCBuildConfiguration;
			buildSettings = {
				CODE_SIGN_STYLE = Automatic;
				DEVELOPMENT_TEAM = GJC45ZQ49L;
				ENABLE_HARDENED_RUNTIME = YES;
				PRODUCT_NAME = "$(TARGET_NAME)";
				SWIFT_VERSION = 5.0;
			};
			name = Debug;
		};
		D13AA5542625BD9300CAE125 /* Release */ = {
			isa = XCBuildConfiguration;
			buildSettings = {
				CODE_SIGN_STYLE = Automatic;
				DEVELOPMENT_TEAM = GJC45ZQ49L;
				ENABLE_HARDENED_RUNTIME = YES;
				PRODUCT_NAME = "$(TARGET_NAME)";
				SWIFT_VERSION = 5.0;
			};
			name = Release;
		};
/* End XCBuildConfiguration section */

/* Begin XCConfigurationList section */
		D13AA5462625BD9300CAE125 /* Build configuration list for PBXProject "LeetCodeSolution" */ = {
			isa = XCConfigurationList;
			buildConfigurations = (
				D13AA5502625BD9300CAE125 /* Debug */,
				D13AA5512625BD9300CAE125 /* Release */,
			);
			defaultConfigurationIsVisible = 0;
			defaultConfigurationName = Release;
		};
		D13AA5522625BD9300CAE125 /* Build configuration list for PBXNativeTarget "LeetCodeSolution" */ = {
			isa = XCConfigurationList;
			buildConfigurations = (
				D13AA5532625BD9300CAE125 /* Debug */,
				D13AA5542625BD9300CAE125 /* Release */,
			);
			defaultConfigurationIsVisible = 0;
			defaultConfigurationName = Release;
		};
/* End XCConfigurationList section */
	};
	rootObject = D13AA5432625BD9300CAE125 /* Project object */;
}
